
Microsoft Visual Studio Solution File, Format Version 12.00
# Visual Studio Version 17
VisualStudioVersion = 17.8.34330.188
MinimumVisualStudioVersion = 10.0.40219.1
Project("{2150E333-8FDC-42A3-9474-1A3956D46DE8}") = "Applications", "Applications", "{4E4B4F1D-F6B9-492B-B792-19277F389FA6}"
EndProject
Project("{2150E333-8FDC-42A3-9474-1A3956D46DE8}") = "Chapters", "Chapters", "{E60C9E1D-6C67-4542-BBBF-98948EB592D1}"
EndProject
Project("{9A19103F-16F7-4668-BE54-9A1E7A4F7556}") = "BlazorCookbook.App", "Applications\BlazorCookbook.App\BlazorCookbook.App.csproj", "{1ED1ECBE-1C39-42F4-A5BA-44612614C8E7}"
EndProject
Project("{9A19103F-16F7-4668-BE54-9A1E7A4F7556}") = "BlazorCookbook.App.Client", "Applications\BlazorCookbook.App.Client\BlazorCookbook.App.Client.csproj", "{0F7014C9-A97B-4FF3-ACAC-E17D217B3D95}"
EndProject
Project("{2150E333-8FDC-42A3-9474-1A3956D46DE8}") = "01", "01", "{0D0DD04D-7BE6-440F-A131-1E4B12175207}"
EndProject
Project("{2150E333-8FDC-42A3-9474-1A3956D46DE8}") = "02", "02", "{B8822AF7-E682-42AA-9767-1464DC5BF507}"
EndProject
Project("{2150E333-8FDC-42A3-9474-1A3956D46DE8}") = "03", "03", "{893E5D07-2EC3-4E20-BD87-308E010284E6}"
EndProject
Project("{2150E333-8FDC-42A3-9474-1A3956D46DE8}") = "04", "04", "{ADA1778B-1109-4D01-A890-CBBF789FB38B}"
EndProject
Project("{2150E333-8FDC-42A3-9474-1A3956D46DE8}") = "05", "05", "{034B2250-588D-4317-B8B8-4E18C7926DFA}"
EndProject
Project("{2150E333-8FDC-42A3-9474-1A3956D46DE8}") = "06", "06", "{FB4B6C6C-4403-44C1-B5C6-01406DF27350}"
EndProject
Project("{2150E333-8FDC-42A3-9474-1A3956D46DE8}") = "07", "07", "{5D070A8E-D350-4DA8-9724-66C693CEDEB2}"
EndProject
Project("{2150E333-8FDC-42A3-9474-1A3956D46DE8}") = "08", "08", "{55B7B47C-64B3-4754-A1C0-4B41EB4EB9B3}"
EndProject
Project("{2150E333-8FDC-42A3-9474-1A3956D46DE8}") = "09", "09", "{5BA0F621-7903-4E3E-AAFA-91130663B750}"
EndProject
Project("{2150E333-8FDC-42A3-9474-1A3956D46DE8}") = "Solution Items", "Solution Items", "{38DED1A3-F5E1-4F12-A8ED-54DB0F838836}"
	ProjectSection(SolutionItems) = preProject
		.gitignore = .gitignore
	EndProjectSection
EndProject
Project("{FAE04EC0-301F-11D3-BF4B-00C04F79EFBC}") = "BlazorCookbook.Chapter1", "Chapters\01\BlazorCookbook.Chapter1.csproj", "{58F8401B-CDB0-432C-BC9F-AD6E425B0663}"
EndProject
Project("{FAE04EC0-301F-11D3-BF4B-00C04F79EFBC}") = "BlazorCookbook.Chapter2", "Chapters\02\BlazorCookbook.Chapter2.csproj", "{CB556441-6739-41F6-A7B0-A6426E3E2E44}"
EndProject
Project("{FAE04EC0-301F-11D3-BF4B-00C04F79EFBC}") = "BlazorCookbook.Chapter3", "Chapters\03\BlazorCookbook.Chapter3.csproj", "{3C039E56-FB87-4E08-B4CD-B5212E672688}"
EndProject
Project("{FAE04EC0-301F-11D3-BF4B-00C04F79EFBC}") = "BlazorCookbook.Chapter4", "Chapters\04\BlazorCookbook.Chapter4.csproj", "{07F8C4C6-4F46-45D7-A31E-2B28319F4BA3}"
EndProject
Project("{FAE04EC0-301F-11D3-BF4B-00C04F79EFBC}") = "BlazorCookbook.Chapter5", "Chapters\05\BlazorCookbook.Chapter5.csproj", "{C77AD96C-74BE-4202-81AE-9B739A5AD8A6}"
EndProject
Project("{FAE04EC0-301F-11D3-BF4B-00C04F79EFBC}") = "BlazorCookbook.Chapter6", "Chapters\06\BlazorCookbook.Chapter6.csproj", "{46DF3C1F-C53F-4868-876E-115704A60A2B}"
EndProject
Project("{FAE04EC0-301F-11D3-BF4B-00C04F79EFBC}") = "BlazorCookbook.Chapter7", "Chapters\07\BlazorCookbook.Chapter7.csproj", "{FBFEABCA-32C3-49C1-A1F4-8640C7F5ACAD}"
EndProject
Project("{FAE04EC0-301F-11D3-BF4B-00C04F79EFBC}") = "BlazorCookbook.Chapter8", "Chapters\08\BlazorCookbook.Chapter8.csproj", "{CD14C10D-8415-4FC5-8430-B1532BB4B564}"
EndProject
Project("{FAE04EC0-301F-11D3-BF4B-00C04F79EFBC}") = "BlazorCookbook.Chapter9", "Chapters\09\BlazorCookbook.Chapter9.csproj", "{E7EB64E3-7A07-44CD-B151-B8CAFB0D7D40}"
EndProject
Global
	GlobalSection(SolutionConfigurationPlatforms) = preSolution
		Debug|Any CPU = Debug|Any CPU
		Release|Any CPU = Release|Any CPU
	EndGlobalSection
	GlobalSection(ProjectConfigurationPlatforms) = postSolution
		{1ED1ECBE-1C39-42F4-A5BA-44612614C8E7}.Debug|Any CPU.ActiveCfg = Debug|Any CPU
		{1ED1ECBE-1C39-42F4-A5BA-44612614C8E7}.Debug|Any CPU.Build.0 = Debug|Any CPU
		{1ED1ECBE-1C39-42F4-A5BA-44612614C8E7}.Release|Any CPU.ActiveCfg = Release|Any CPU
		{1ED1ECBE-1C39-42F4-A5BA-44612614C8E7}.Release|Any CPU.Build.0 = Release|Any CPU
		{0F7014C9-A97B-4FF3-ACAC-E17D217B3D95}.Debug|Any CPU.ActiveCfg = Debug|Any CPU
		{0F7014C9-A97B-4FF3-ACAC-E17D217B3D95}.Debug|Any CPU.Build.0 = Debug|Any CPU
		{0F7014C9-A97B-4FF3-ACAC-E17D217B3D95}.Release|Any CPU.ActiveCfg = Release|Any CPU
		{0F7014C9-A97B-4FF3-ACAC-E17D217B3D95}.Release|Any CPU.Build.0 = Release|Any CPU
		{58F8401B-CDB0-432C-BC9F-AD6E425B0663}.Debug|Any CPU.ActiveCfg = Debug|Any CPU
		{58F8401B-CDB0-432C-BC9F-AD6E425B0663}.Debug|Any CPU.Build.0 = Debug|Any CPU
		{58F8401B-CDB0-432C-BC9F-AD6E425B0663}.Release|Any CPU.ActiveCfg = Release|Any CPU
		{58F8401B-CDB0-432C-BC9F-AD6E425B0663}.Release|Any CPU.Build.0 = Release|Any CPU
		{CB556441-6739-41F6-A7B0-A6426E3E2E44}.Debug|Any CPU.ActiveCfg = Debug|Any CPU
		{CB556441-6739-41F6-A7B0-A6426E3E2E44}.Debug|Any CPU.Build.0 = Debug|Any CPU
		{CB556441-6739-41F6-A7B0-A6426E3E2E44}.Release|Any CPU.ActiveCfg = Release|Any CPU
		{CB556441-6739-41F6-A7B0-A6426E3E2E44}.Release|Any CPU.Build.0 = Release|Any CPU
		{3C039E56-FB87-4E08-B4CD-B5212E672688}.Debug|Any CPU.ActiveCfg = Debug|Any CPU
		{3C039E56-FB87-4E08-B4CD-B5212E672688}.Debug|Any CPU.Build.0 = Debug|Any CPU
		{3C039E56-FB87-4E08-B4CD-B5212E672688}.Release|Any CPU.ActiveCfg = Release|Any CPU
		{3C039E56-FB87-4E08-B4CD-B5212E672688}.Release|Any CPU.Build.0 = Release|Any CPU
		{07F8C4C6-4F46-45D7-A31E-2B28319F4BA3}.Debug|Any CPU.ActiveCfg = Debug|Any CPU
		{07F8C4C6-4F46-45D7-A31E-2B28319F4BA3}.Debug|Any CPU.Build.0 = Debug|Any CPU
		{07F8C4C6-4F46-45D7-A31E-2B28319F4BA3}.Release|Any CPU.ActiveCfg = Release|Any CPU
		{07F8C4C6-4F46-45D7-A31E-2B28319F4BA3}.Release|Any CPU.Build.0 = Release|Any CPU
		{C77AD96C-74BE-4202-81AE-9B739A5AD8A6}.Debug|Any CPU.ActiveCfg = Debug|Any CPU
		{C77AD96C-74BE-4202-81AE-9B739A5AD8A6}.Debug|Any CPU.Build.0 = Debug|Any CPU
		{C77AD96C-74BE-4202-81AE-9B739A5AD8A6}.Release|Any CPU.ActiveCfg = Release|Any CPU
		{C77AD96C-74BE-4202-81AE-9B739A5AD8A6}.Release|Any CPU.Build.0 = Release|Any CPU
		{46DF3C1F-C53F-4868-876E-115704A60A2B}.Debug|Any CPU.ActiveCfg = Debug|Any CPU
		{46DF3C1F-C53F-4868-876E-115704A60A2B}.Debug|Any CPU.Build.0 = Debug|Any CPU
		{46DF3C1F-C53F-4868-876E-115704A60A2B}.Release|Any CPU.ActiveCfg = Release|Any CPU
		{46DF3C1F-C53F-4868-876E-115704A60A2B}.Release|Any CPU.Build.0 = Release|Any CPU
		{FBFEABCA-32C3-49C1-A1F4-8640C7F5ACAD}.Debug|Any CPU.ActiveCfg = Debug|Any CPU
		{FBFEABCA-32C3-49C1-A1F4-8640C7F5ACAD}.Debug|Any CPU.Build.0 = Debug|Any CPU
		{FBFEABCA-32C3-49C1-A1F4-8640C7F5ACAD}.Release|Any CPU.ActiveCfg = Release|Any CPU
		{FBFEABCA-32C3-49C1-A1F4-8640C7F5ACAD}.Release|Any CPU.Build.0 = Release|Any CPU
		{CD14C10D-8415-4FC5-8430-B1532BB4B564}.Debug|Any CPU.ActiveCfg = Debug|Any CPU
		{CD14C10D-8415-4FC5-8430-B1532BB4B564}.Debug|Any CPU.Build.0 = Debug|Any CPU
		{CD14C10D-8415-4FC5-8430-B1532BB4B564}.Release|Any CPU.ActiveCfg = Release|Any CPU
		{CD14C10D-8415-4FC5-8430-B1532BB4B564}.Release|Any CPU.Build.0 = Release|Any CPU
		{E7EB64E3-7A07-44CD-B151-B8CAFB0D7D40}.Debug|Any CPU.ActiveCfg = Debug|Any CPU
		{E7EB64E3-7A07-44CD-B151-B8CAFB0D7D40}.Debug|Any CPU.Build.0 = Debug|Any CPU
		{E7EB64E3-7A07-44CD-B151-B8CAFB0D7D40}.Release|Any CPU.ActiveCfg = Release|Any CPU
		{E7EB64E3-7A07-44CD-B151-B8CAFB0D7D40}.Release|Any CPU.Build.0 = Release|Any CPU
	EndGlobalSection
	GlobalSection(SolutionProperties) = preSolution
		HideSolutionNode = FALSE
	EndGlobalSection
	GlobalSection(NestedProjects) = preSolution
		{1ED1ECBE-1C39-42F4-A5BA-44612614C8E7} = {4E4B4F1D-F6B9-492B-B792-19277F389FA6}
		{0F7014C9-A97B-4FF3-ACAC-E17D217B3D95} = {4E4B4F1D-F6B9-492B-B792-19277F389FA6}
		{0D0DD04D-7BE6-440F-A131-1E4B12175207} = {E60C9E1D-6C67-4542-BBBF-98948EB592D1}
		{B8822AF7-E682-42AA-9767-1464DC5BF507} = {E60C9E1D-6C67-4542-BBBF-98948EB592D1}
		{893E5D07-2EC3-4E20-BD87-308E010284E6} = {E60C9E1D-6C67-4542-BBBF-98948EB592D1}
		{ADA1778B-1109-4D01-A890-CBBF789FB38B} = {E60C9E1D-6C67-4542-BBBF-98948EB592D1}
		{034B2250-588D-4317-B8B8-4E18C7926DFA} = {E60C9E1D-6C67-4542-BBBF-98948EB592D1}
		{FB4B6C6C-4403-44C1-B5C6-01406DF27350} = {E60C9E1D-6C67-4542-BBBF-98948EB592D1}
		{5D070A8E-D350-4DA8-9724-66C693CEDEB2} = {E60C9E1D-6C67-4542-BBBF-98948EB592D1}
		{55B7B47C-64B3-4754-A1C0-4B41EB4EB9B3} = {E60C9E1D-6C67-4542-BBBF-98948EB592D1}
		{5BA0F621-7903-4E3E-AAFA-91130663B750} = {E60C9E1D-6C67-4542-BBBF-98948EB592D1}
		{58F8401B-CDB0-432C-BC9F-AD6E425B0663} = {0D0DD04D-7BE6-440F-A131-1E4B12175207}
		{CB556441-6739-41F6-A7B0-A6426E3E2E44} = {B8822AF7-E682-42AA-9767-1464DC5BF507}
		{3C039E56-FB87-4E08-B4CD-B5212E672688} = {893E5D07-2EC3-4E20-BD87-308E010284E6}
		{07F8C4C6-4F46-45D7-A31E-2B28319F4BA3} = {ADA1778B-1109-4D01-A890-CBBF789FB38B}
		{C77AD96C-74BE-4202-81AE-9B739A5AD8A6} = {034B2250-588D-4317-B8B8-4E18C7926DFA}
		{46DF3C1F-C53F-4868-876E-115704A60A2B} = {FB4B6C6C-4403-44C1-B5C6-01406DF27350}
		{FBFEABCA-32C3-49C1-A1F4-8640C7F5ACAD} = {5D070A8E-D350-4DA8-9724-66C693CEDEB2}
		{CD14C10D-8415-4FC5-8430-B1532BB4B564} = {55B7B47C-64B3-4754-A1C0-4B41EB4EB9B3}
		{E7EB64E3-7A07-44CD-B151-B8CAFB0D7D40} = {5BA0F621-7903-4E3E-AAFA-91130663B750}
	EndGlobalSection
	GlobalSection(ExtensibilityGlobals) = postSolution
		SolutionGuid = {80F86693-BBAF-4A0B-9287-0223EF5A61F6}
	EndGlobalSection
EndGlobal
