
Microsoft Visual Studio Solution File, Format Version 12.00
# Visual Studio Version 17
VisualStudioVersion = 17.8.34330.188
MinimumVisualStudioVersion = 10.0.40219.1
Project("{2150E333-8FDC-42A3-9474-1A3956D46DE8}") = "Applications", "Applications", "{4E4B4F1D-F6B9-492B-B792-19277F389FA6}"
EndProject
Project("{2150E333-8FDC-42A3-9474-1A3956D46DE8}") = "Chapters", "Chapters", "{E60C9E1D-6C67-4542-BBBF-98948EB592D1}"
EndProject
Project("{9A19103F-16F7-4668-BE54-9A1E7A4F7556}") = "BlazorCookbook.App", "Applications\BlazorCookbook.App\BlazorCookbook.App.csproj", "{1ED1ECBE-1C39-42F4-A5BA-44612614C8E7}"
EndProject
Project("{9A19103F-16F7-4668-BE54-9A1E7A4F7556}") = "BlazorCookbook.App.Client", "Applications\BlazorCookbook.App.Client\BlazorCookbook.App.Client.csproj", "{0F7014C9-A97B-4FF3-ACAC-E17D217B3D95}"
EndProject
Project("{2150E333-8FDC-42A3-9474-1A3956D46DE8}") = "01", "01", "{0D0DD04D-7BE6-440F-A131-1E4B12175207}"
EndProject
Project("{2150E333-8FDC-42A3-9474-1A3956D46DE8}") = "02", "02", "{B8822AF7-E682-42AA-9767-1464DC5BF507}"
EndProject
Project("{2150E333-8FDC-42A3-9474-1A3956D46DE8}") = "03", "03", "{893E5D07-2EC3-4E20-BD87-308E010284E6}"
EndProject
Project("{2150E333-8FDC-42A3-9474-1A3956D46DE8}") = "04", "04", "{ADA1778B-1109-4D01-A890-CBBF789FB38B}"
EndProject
Project("{2150E333-8FDC-42A3-9474-1A3956D46DE8}") = "05", "05", "{034B2250-588D-4317-B8B8-4E18C7926DFA}"
EndProject
Project("{2150E333-8FDC-42A3-9474-1A3956D46DE8}") = "06", "06", "{FB4B6C6C-4403-44C1-B5C6-01406DF27350}"
EndProject
Project("{2150E333-8FDC-42A3-9474-1A3956D46DE8}") = "07", "07", "{5D070A8E-D350-4DA8-9724-66C693CEDEB2}"
EndProject
Project("{2150E333-8FDC-42A3-9474-1A3956D46DE8}") = "08", "08", "{55B7B47C-64B3-4754-A1C0-4B41EB4EB9B3}"
EndProject
Project("{2150E333-8FDC-42A3-9474-1A3956D46DE8}") = "09", "09", "{5BA0F621-7903-4E3E-AAFA-91130663B750}"
EndProject
Project("{2150E333-8FDC-42A3-9474-1A3956D46DE8}") = "Solution Items", "Solution Items", "{38DED1A3-F5E1-4F12-A8ED-54DB0F838836}"
	ProjectSection(SolutionItems) = preProject
		.gitignore = .gitignore
	EndProjectSection
EndProject
Global
	GlobalSection(SolutionConfigurationPlatforms) = preSolution
		Debug|Any CPU = Debug|Any CPU
		Release|Any CPU = Release|Any CPU
	EndGlobalSection
	GlobalSection(ProjectConfigurationPlatforms) = postSolution
		{1ED1ECBE-1C39-42F4-A5BA-44612614C8E7}.Debug|Any CPU.ActiveCfg = Debug|Any CPU
		{1ED1ECBE-1C39-42F4-A5BA-44612614C8E7}.Debug|Any CPU.Build.0 = Debug|Any CPU
		{1ED1ECBE-1C39-42F4-A5BA-44612614C8E7}.Release|Any CPU.ActiveCfg = Release|Any CPU
		{1ED1ECBE-1C39-42F4-A5BA-44612614C8E7}.Release|Any CPU.Build.0 = Release|Any CPU
		{0F7014C9-A97B-4FF3-ACAC-E17D217B3D95}.Debug|Any CPU.ActiveCfg = Debug|Any CPU
		{0F7014C9-A97B-4FF3-ACAC-E17D217B3D95}.Debug|Any CPU.Build.0 = Debug|Any CPU
		{0F7014C9-A97B-4FF3-ACAC-E17D217B3D95}.Release|Any CPU.ActiveCfg = Release|Any CPU
		{0F7014C9-A97B-4FF3-ACAC-E17D217B3D95}.Release|Any CPU.Build.0 = Release|Any CPU
	EndGlobalSection
	GlobalSection(SolutionProperties) = preSolution
		HideSolutionNode = FALSE
	EndGlobalSection
	GlobalSection(NestedProjects) = preSolution
		{1ED1ECBE-1C39-42F4-A5BA-44612614C8E7} = {4E4B4F1D-F6B9-492B-B792-19277F389FA6}
		{0F7014C9-A97B-4FF3-ACAC-E17D217B3D95} = {4E4B4F1D-F6B9-492B-B792-19277F389FA6}
		{0D0DD04D-7BE6-440F-A131-1E4B12175207} = {E60C9E1D-6C67-4542-BBBF-98948EB592D1}
		{B8822AF7-E682-42AA-9767-1464DC5BF507} = {E60C9E1D-6C67-4542-BBBF-98948EB592D1}
		{893E5D07-2EC3-4E20-BD87-308E010284E6} = {E60C9E1D-6C67-4542-BBBF-98948EB592D1}
		{ADA1778B-1109-4D01-A890-CBBF789FB38B} = {E60C9E1D-6C67-4542-BBBF-98948EB592D1}
		{034B2250-588D-4317-B8B8-4E18C7926DFA} = {E60C9E1D-6C67-4542-BBBF-98948EB592D1}
		{FB4B6C6C-4403-44C1-B5C6-01406DF27350} = {E60C9E1D-6C67-4542-BBBF-98948EB592D1}
		{5D070A8E-D350-4DA8-9724-66C693CEDEB2} = {E60C9E1D-6C67-4542-BBBF-98948EB592D1}
		{55B7B47C-64B3-4754-A1C0-4B41EB4EB9B3} = {E60C9E1D-6C67-4542-BBBF-98948EB592D1}
		{5BA0F621-7903-4E3E-AAFA-91130663B750} = {E60C9E1D-6C67-4542-BBBF-98948EB592D1}
	EndGlobalSection
	GlobalSection(ExtensibilityGlobals) = postSolution
		SolutionGuid = {80F86693-BBAF-4A0B-9287-0223EF5A61F6}
	EndGlobalSection
EndGlobal
